
Microsoft Visual Studio Solution File, Format Version 12.00
# Visual Studio Version 16
VisualStudioVersion = 16.0.28721.148
MinimumVisualStudioVersion = 10.0.40219.1
Project("{9A19103F-16F7-4668-BE54-9A1E7A4F7556}") = "Apollo.Core.Demo.Second", "Apollo.Core.Demo.Second\Apollo.Core.Demo.Second.csproj", "{884079E8-5E6B-4FC7-B894-848227074FC4}"
EndProject
Project("{9A19103F-16F7-4668-BE54-9A1E7A4F7556}") = "Apollo.Core.Demo.First", "Apollo.Core.Demo.First\Apollo.Core.Demo.First.csproj", "{23E776DE-5E3C-4A62-A5D6-C9D8694C4D91}"
EndProject
Project("{FAE04EC0-301F-11D3-BF4B-00C04F79EFBC}") = "Apollo.Framework.Demo", "Apollo.Framework.Demo\Apollo.Framework.Demo.csproj", "{C4E01497-BC2A-42BF-A96B-61B0285D0E94}"
EndProject
Global
	GlobalSection(SolutionConfigurationPlatforms) = preSolution
		Debug|Any CPU = Debug|Any CPU
		Release|Any CPU = Release|Any CPU
	EndGlobalSection
	GlobalSection(ProjectConfigurationPlatforms) = postSolution
		{884079E8-5E6B-4FC7-B894-848227074FC4}.Debug|Any CPU.ActiveCfg = Debug|Any CPU
		{884079E8-5E6B-4FC7-B894-848227074FC4}.Debug|Any CPU.Build.0 = Debug|Any CPU
		{884079E8-5E6B-4FC7-B894-848227074FC4}.Release|Any CPU.ActiveCfg = Release|Any CPU
		{884079E8-5E6B-4FC7-B894-848227074FC4}.Release|Any CPU.Build.0 = Release|Any CPU
		{23E776DE-5E3C-4A62-A5D6-C9D8694C4D91}.Debug|Any CPU.ActiveCfg = Debug|Any CPU
		{23E776DE-5E3C-4A62-A5D6-C9D8694C4D91}.Debug|Any CPU.Build.0 = Debug|Any CPU
		{23E776DE-5E3C-4A62-A5D6-C9D8694C4D91}.Release|Any CPU.ActiveCfg = Release|Any CPU
		{23E776DE-5E3C-4A62-A5D6-C9D8694C4D91}.Release|Any CPU.Build.0 = Release|Any CPU
		{C4E01497-BC2A-42BF-A96B-61B0285D0E94}.Debug|Any CPU.ActiveCfg = Debug|Any CPU
		{C4E01497-BC2A-42BF-A96B-61B0285D0E94}.Debug|Any CPU.Build.0 = Debug|Any CPU
		{C4E01497-BC2A-42BF-A96B-61B0285D0E94}.Release|Any CPU.ActiveCfg = Release|Any CPU
		{C4E01497-BC2A-42BF-A96B-61B0285D0E94}.Release|Any CPU.Build.0 = Release|Any CPU
	EndGlobalSection
	GlobalSection(SolutionProperties) = preSolution
		HideSolutionNode = FALSE
	EndGlobalSection
	GlobalSection(ExtensibilityGlobals) = postSolution
		SolutionGuid = {8B9AA7A1-593E-4601-909E-804D47B7A0AA}
	EndGlobalSection
EndGlobal
